
Microsoft Visual Studio Solution File, Format Version 12.00
# Visual Studio Version 17
VisualStudioVersion = 17.7.34221.43
MinimumVisualStudioVersion = 10.0.40219.1
Project("{FAE04EC0-301F-11D3-BF4B-00C04F79EFBC}") = "To-Do_app", "To-Do_app.csproj", "{652C84B4-931B-491E-9DEE-01266790C86E}"
EndProject
Global
	GlobalSection(SolutionConfigurationPlatforms) = preSolution
		Debug|Any CPU = Debug|Any CPU
		Release|Any CPU = Release|Any CPU
	EndGlobalSection
	GlobalSection(ProjectConfigurationPlatforms) = postSolution
		{652C84B4-931B-491E-9DEE-01266790C86E}.Debug|Any CPU.ActiveCfg = Debug|Any CPU
		{652C84B4-931B-491E-9DEE-01266790C86E}.Debug|Any CPU.Build.0 = Debug|Any CPU
		{652C84B4-931B-491E-9DEE-01266790C86E}.Release|Any CPU.ActiveCfg = Release|Any CPU
		{652C84B4-931B-491E-9DEE-01266790C86E}.Release|Any CPU.Build.0 = Release|Any CPU
	EndGlobalSection
	GlobalSection(SolutionProperties) = preSolution
		HideSolutionNode = FALSE
	EndGlobalSection
	GlobalSection(ExtensibilityGlobals) = postSolution
		SolutionGuid = {EFAB51F0-DB42-4959-B4A7-DFA46B111197}
	EndGlobalSection
EndGlobal
